
Microsoft Visual Studio Solution File, Format Version 12.00
# Visual Studio Version 16
VisualStudioVersion = 16.0.30204.135
MinimumVisualStudioVersion = 10.0.40219.1
Project("{FAE04EC0-301F-11D3-BF4B-00C04F79EFBC}") = "FrontendQuiz", "FrontendQuiz\FrontendQuiz.csproj", "{BEC11D24-1D28-41E1-AB82-D640DDCEBB27}"
EndProject
Global
	GlobalSection(SolutionConfigurationPlatforms) = preSolution
		Debug|Any CPU = Debug|Any CPU
		Release|Any CPU = Release|Any CPU
	EndGlobalSection
	GlobalSection(ProjectConfigurationPlatforms) = postSolution
		{BEC11D24-1D28-41E1-AB82-D640DDCEBB27}.Debug|Any CPU.ActiveCfg = Debug|Any CPU
		{BEC11D24-1D28-41E1-AB82-D640DDCEBB27}.Debug|Any CPU.Build.0 = Debug|Any CPU
		{BEC11D24-1D28-41E1-AB82-D640DDCEBB27}.Release|Any CPU.ActiveCfg = Release|Any CPU
		{BEC11D24-1D28-41E1-AB82-D640DDCEBB27}.Release|Any CPU.Build.0 = Release|Any CPU
	EndGlobalSection
	GlobalSection(SolutionProperties) = preSolution
		HideSolutionNode = FALSE
	EndGlobalSection
	GlobalSection(ExtensibilityGlobals) = postSolution
		SolutionGuid = {CC10EFF3-C9D7-4BDD-879A-2A62EAD80C47}
	EndGlobalSection
EndGlobal
